
Microsoft Visual Studio Solution File, Format Version 12.00
# Visual Studio Version 17
VisualStudioVersion = 17.7.34202.233
MinimumVisualStudioVersion = 10.0.40219.1
Project("{FAE04EC0-301F-11D3-BF4B-00C04F79EFBC}") = "glovo", "glovo\glovo.csproj", "{6C861E7D-4BFA-442B-A9BF-E83105553214}"
EndProject
Global
	GlobalSection(SolutionConfigurationPlatforms) = preSolution
		Debug|Any CPU = Debug|Any CPU
		Release|Any CPU = Release|Any CPU
	EndGlobalSection
	GlobalSection(ProjectConfigurationPlatforms) = postSolution
		{6C861E7D-4BFA-442B-A9BF-E83105553214}.Debug|Any CPU.ActiveCfg = Debug|Any CPU
		{6C861E7D-4BFA-442B-A9BF-E83105553214}.Debug|Any CPU.Build.0 = Debug|Any CPU
		{6C861E7D-4BFA-442B-A9BF-E83105553214}.Release|Any CPU.ActiveCfg = Release|Any CPU
		{6C861E7D-4BFA-442B-A9BF-E83105553214}.Release|Any CPU.Build.0 = Release|Any CPU
	EndGlobalSection
	GlobalSection(SolutionProperties) = preSolution
		HideSolutionNode = FALSE
	EndGlobalSection
	GlobalSection(ExtensibilityGlobals) = postSolution
		SolutionGuid = {2C88CAD0-3630-4BCE-983A-89D6DD9A2F33}
	EndGlobalSection
EndGlobal
